
Microsoft Visual Studio Solution File, Format Version 12.00
# Visual Studio Version 17
VisualStudioVersion = 17.11.35431.28
MinimumVisualStudioVersion = 10.0.40219.1
Project("{9A19103F-16F7-4668-BE54-9A1E7A4F7556}") = "QRCode.Net", "..\Src\QRCode.Net\QRCode.Net.csproj", "{D4BF9085-BCFF-4DBA-9262-E12FACCCB582}"
EndProject
Project("{2150E333-8FDC-42A3-9474-1A3956D46DE8}") = "0.Core", "0.Core", "{39EC6FF6-8920-4379-9038-FB280B2220FF}"
EndProject
Project("{2150E333-8FDC-42A3-9474-1A3956D46DE8}") = "99.Test", "99.Test", "{CD3E797F-2A1C-4714-A4C4-7423F90E1983}"
EndProject
Project("{FAE04EC0-301F-11D3-BF4B-00C04F79EFBC}") = "QRCode.Net.Test", "..\Test\QRCode.Net.Test\QRCode.Net.Test.csproj", "{EE597C86-320D-4984-93B4-BAFC591C66A9}"
EndProject
Global
	GlobalSection(SolutionConfigurationPlatforms) = preSolution
		Debug|Any CPU = Debug|Any CPU
		Release|Any CPU = Release|Any CPU
	EndGlobalSection
	GlobalSection(ProjectConfigurationPlatforms) = postSolution
		{D4BF9085-BCFF-4DBA-9262-E12FACCCB582}.Debug|Any CPU.ActiveCfg = Debug|Any CPU
		{D4BF9085-BCFF-4DBA-9262-E12FACCCB582}.Debug|Any CPU.Build.0 = Debug|Any CPU
		{D4BF9085-BCFF-4DBA-9262-E12FACCCB582}.Release|Any CPU.ActiveCfg = Release|Any CPU
		{D4BF9085-BCFF-4DBA-9262-E12FACCCB582}.Release|Any CPU.Build.0 = Release|Any CPU
		{EE597C86-320D-4984-93B4-BAFC591C66A9}.Debug|Any CPU.ActiveCfg = Debug|Any CPU
		{EE597C86-320D-4984-93B4-BAFC591C66A9}.Debug|Any CPU.Build.0 = Debug|Any CPU
		{EE597C86-320D-4984-93B4-BAFC591C66A9}.Release|Any CPU.ActiveCfg = Release|Any CPU
		{EE597C86-320D-4984-93B4-BAFC591C66A9}.Release|Any CPU.Build.0 = Release|Any CPU
	EndGlobalSection
	GlobalSection(SolutionProperties) = preSolution
		HideSolutionNode = FALSE
	EndGlobalSection
	GlobalSection(NestedProjects) = preSolution
		{D4BF9085-BCFF-4DBA-9262-E12FACCCB582} = {39EC6FF6-8920-4379-9038-FB280B2220FF}
		{EE597C86-320D-4984-93B4-BAFC591C66A9} = {CD3E797F-2A1C-4714-A4C4-7423F90E1983}
	EndGlobalSection
	GlobalSection(ExtensibilityGlobals) = postSolution
		SolutionGuid = {22288A43-0AFE-4959-8FBC-FF14BFC0D781}
	EndGlobalSection
EndGlobal
